// !$*UTF8*$!
{
	archiveVersion = 1;
	classes = {
	};
	objectVersion = 46;
	objects = {

/* Begin PBXBuildFile section */
		7801C4B717318D12002EEB33 /* Leaderboards.m in Sources */ = {isa = PBXBuildFile; fileRef = 7801C4B417318D12002EEB33 /* Leaderboards.m */; };
		7801C4B817318D12002EEB33 /* PlayerScore.m in Sources */ = {isa = PBXBuildFile; fileRef = 7801C4B617318D12002EEB33 /* PlayerScore.m */; };
		7801C4C21731ED1A002EEB33 /* GameVarsTest.m in Sources */ = {isa = PBXBuildFile; fileRef = 7801C4C11731ED1A002EEB33 /* GameVarsTest.m */; };
		7801C4C517320308002EEB33 /* GeoIPTest.m in Sources */ = {isa = PBXBuildFile; fileRef = 7801C4C417320308002EEB33 /* GeoIPTest.m */; };
		7801C4C8173208E1002EEB33 /* LeaderboardsTest.m in Sources */ = {isa = PBXBuildFile; fileRef = 7801C4C7173208E1002EEB33 /* LeaderboardsTest.m */; };
		7801C4CB1732C0EE002EEB33 /* PlayerLevelsTest.m in Sources */ = {isa = PBXBuildFile; fileRef = 7801C4CA1732C0EE002EEB33 /* PlayerLevelsTest.m */; };
		78264D591747EC2E009003B1 /* PlayerAchievement.m in Sources */ = {isa = PBXBuildFile; fileRef = 78264D581747EC2E009003B1 /* PlayerAchievement.m */; };
		78264D5C1747EC37009003B1 /* PlayerAward.m in Sources */ = {isa = PBXBuildFile; fileRef = 78264D5B1747EC37009003B1 /* PlayerAward.m */; };
		78264D5F1747F037009003B1 /* Achievements.m in Sources */ = {isa = PBXBuildFile; fileRef = 78264D5E1747F037009003B1 /* Achievements.m */; };
		78264D621747F8B0009003B1 /* AchievementsTest.m in Sources */ = {isa = PBXBuildFile; fileRef = 78264D611747F8B0009003B1 /* AchievementsTest.m */; };
		789D05B117306E1900B87CB5 /* UIKit.framework in Frameworks */ = {isa = PBXBuildFile; fileRef = 789D05B017306E1900B87CB5 /* UIKit.framework */; };
		789D05B317306E1900B87CB5 /* Foundation.framework in Frameworks */ = {isa = PBXBuildFile; fileRef = 789D05B217306E1900B87CB5 /* Foundation.framework */; };
		789D05B517306E1900B87CB5 /* CoreGraphics.framework in Frameworks */ = {isa = PBXBuildFile; fileRef = 789D05B417306E1900B87CB5 /* CoreGraphics.framework */; };
		789D05BB17306E1900B87CB5 /* InfoPlist.strings in Resources */ = {isa = PBXBuildFile; fileRef = 789D05B917306E1900B87CB5 /* InfoPlist.strings */; };
		789D05BD17306E1900B87CB5 /* main.m in Sources */ = {isa = PBXBuildFile; fileRef = 789D05BC17306E1900B87CB5 /* main.m */; };
		789D05C117306E1900B87CB5 /* PlaytomicAppDelegate.m in Sources */ = {isa = PBXBuildFile; fileRef = 789D05C017306E1900B87CB5 /* PlaytomicAppDelegate.m */; };
		789D05C317306E1900B87CB5 /* Default.png in Resources */ = {isa = PBXBuildFile; fileRef = 789D05C217306E1900B87CB5 /* Default.png */; };
		789D05C517306E1900B87CB5 /* Default@2x.png in Resources */ = {isa = PBXBuildFile; fileRef = 789D05C417306E1900B87CB5 /* Default@2x.png */; };
		789D05C717306E1900B87CB5 /* Default-568h@2x.png in Resources */ = {isa = PBXBuildFile; fileRef = 789D05C617306E1900B87CB5 /* Default-568h@2x.png */; };
		789D05CA17306E1900B87CB5 /* MainStoryboard_iPhone.storyboard in Resources */ = {isa = PBXBuildFile; fileRef = 789D05C817306E1900B87CB5 /* MainStoryboard_iPhone.storyboard */; };
		789D05CD17306E1900B87CB5 /* MainStoryboard_iPad.storyboard in Resources */ = {isa = PBXBuildFile; fileRef = 789D05CB17306E1900B87CB5 /* MainStoryboard_iPad.storyboard */; };
		789D05D017306E1900B87CB5 /* PlaytomicViewController.m in Sources */ = {isa = PBXBuildFile; fileRef = 789D05CF17306E1900B87CB5 /* PlaytomicViewController.m */; };
		789D05D817306E1900B87CB5 /* SenTestingKit.framework in Frameworks */ = {isa = PBXBuildFile; fileRef = 789D05D717306E1900B87CB5 /* SenTestingKit.framework */; };
		789D05D917306E1900B87CB5 /* UIKit.framework in Frameworks */ = {isa = PBXBuildFile; fileRef = 789D05B017306E1900B87CB5 /* UIKit.framework */; };
		789D05DA17306E1900B87CB5 /* Foundation.framework in Frameworks */ = {isa = PBXBuildFile; fileRef = 789D05B217306E1900B87CB5 /* Foundation.framework */; };
		789D05E217306E1900B87CB5 /* InfoPlist.strings in Resources */ = {isa = PBXBuildFile; fileRef = 789D05E017306E1900B87CB5 /* InfoPlist.strings */; };
		78A3F77E1730D34900740289 /* SystemConfiguration.framework in Frameworks */ = {isa = PBXBuildFile; fileRef = 78A3F77D1730D34800740289 /* SystemConfiguration.framework */; };
		78A3F7801730D36800740289 /* MobileCoreServices.framework in Frameworks */ = {isa = PBXBuildFile; fileRef = 78A3F77F1730D36800740289 /* MobileCoreServices.framework */; };
		78A3F7831730D75E00740289 /* GeoIP.m in Sources */ = {isa = PBXBuildFile; fileRef = 78A3F7821730D75E00740289 /* GeoIP.m */; };
		78A3F7881730D7B400740289 /* PlayerCountry.m in Sources */ = {isa = PBXBuildFile; fileRef = 78A3F7871730D7B400740289 /* PlayerCountry.m */; };
		78A3F78D1731616A00740289 /* PlayerLevel.m in Sources */ = {isa = PBXBuildFile; fileRef = 78A3F78A1731616900740289 /* PlayerLevel.m */; };
		78A3F78E1731616A00740289 /* PlayerLevels.m in Sources */ = {isa = PBXBuildFile; fileRef = 78A3F78C1731616A00740289 /* PlayerLevels.m */; };
		78BEC3D317306E5F002AF518 /* AFHTTPClient.m in Sources */ = {isa = PBXBuildFile; fileRef = 78BEC3C117306E5F002AF518 /* AFHTTPClient.m */; };
		78BEC3D417306E5F002AF518 /* AFHTTPRequestOperation.m in Sources */ = {isa = PBXBuildFile; fileRef = 78BEC3C317306E5F002AF518 /* AFHTTPRequestOperation.m */; };
		78BEC3D517306E5F002AF518 /* AFImageRequestOperation.m in Sources */ = {isa = PBXBuildFile; fileRef = 78BEC3C517306E5F002AF518 /* AFImageRequestOperation.m */; };
		78BEC3D617306E5F002AF518 /* AFJSONRequestOperation.m in Sources */ = {isa = PBXBuildFile; fileRef = 78BEC3C717306E5F002AF518 /* AFJSONRequestOperation.m */; };
		78BEC3D717306E5F002AF518 /* AFNetworkActivityIndicatorManager.m in Sources */ = {isa = PBXBuildFile; fileRef = 78BEC3C917306E5F002AF518 /* AFNetworkActivityIndicatorManager.m */; };
		78BEC3D817306E5F002AF518 /* AFPropertyListRequestOperation.m in Sources */ = {isa = PBXBuildFile; fileRef = 78BEC3CC17306E5F002AF518 /* AFPropertyListRequestOperation.m */; };
		78BEC3D917306E5F002AF518 /* AFURLConnectionOperation.m in Sources */ = {isa = PBXBuildFile; fileRef = 78BEC3CE17306E5F002AF518 /* AFURLConnectionOperation.m */; };
		78BEC3DA17306E5F002AF518 /* AFXMLRequestOperation.m in Sources */ = {isa = PBXBuildFile; fileRef = 78BEC3D017306E5F002AF518 /* AFXMLRequestOperation.m */; };
		78BEC3DB17306E5F002AF518 /* UIImageView+AFNetworking.m in Sources */ = {isa = PBXBuildFile; fileRef = 78BEC3D217306E5F002AF518 /* UIImageView+AFNetworking.m */; };
		78BEC3E717306EA2002AF518 /* GameVars.m in Sources */ = {isa = PBXBuildFile; fileRef = 78BEC3DE17306EA2002AF518 /* GameVars.m */; };
		78BEC3E817306EA2002AF518 /* PEncode.m in Sources */ = {isa = PBXBuildFile; fileRef = 78BEC3E017306EA2002AF518 /* PEncode.m */; };
		78BEC3E917306EA2002AF518 /* Playtomic.m in Sources */ = {isa = PBXBuildFile; fileRef = 78BEC3E217306EA2002AF518 /* Playtomic.m */; };
		78BEC3EA17306EA2002AF518 /* PRequest.m in Sources */ = {isa = PBXBuildFile; fileRef = 78BEC3E417306EA2002AF518 /* PRequest.m */; };
		78BEC3EB17306EA2002AF518 /* PResponse.m in Sources */ = {isa = PBXBuildFile; fileRef = 78BEC3E617306EA2002AF518 /* PResponse.m */; };
		78FECE74174C0D6200D6162F /* Newsletter.m in Sources */ = {isa = PBXBuildFile; fileRef = 78FECE73174C0D6200D6162F /* Newsletter.m */; };
		78FECE77174C0E7600D6162F /* NewsletterTest.m in Sources */ = {isa = PBXBuildFile; fileRef = 78FECE76174C0E7600D6162F /* NewsletterTest.m */; };
/* End PBXBuildFile section */

/* Begin PBXContainerItemProxy section */
		789D05DB17306E1900B87CB5 /* PBXContainerItemProxy */ = {
			isa = PBXContainerItemProxy;
			containerPortal = 789D05A517306E1900B87CB5 /* Project object */;
			proxyType = 1;
			remoteGlobalIDString = 789D05AC17306E1900B87CB5;
			remoteInfo = "Playtomic iOS API";
		};
/* End PBXContainerItemProxy section */

/* Begin PBXFileReference section */
		7801C4B317318D12002EEB33 /* Leaderboards.h */ = {isa = PBXFileReference; fileEncoding = 4; lastKnownFileType = sourcecode.c.h; path = Leaderboards.h; sourceTree = "<group>"; };
		7801C4B417318D12002EEB33 /* Leaderboards.m */ = {isa = PBXFileReference; fileEncoding = 4; lastKnownFileType = sourcecode.c.objc; path = Leaderboards.m; sourceTree = "<group>"; };
		7801C4B517318D12002EEB33 /* PlayerScore.h */ = {isa = PBXFileReference; fileEncoding = 4; lastKnownFileType = sourcecode.c.h; path = PlayerScore.h; sourceTree = "<group>"; };
		7801C4B617318D12002EEB33 /* PlayerScore.m */ = {isa = PBXFileReference; fileEncoding = 4; lastKnownFileType = sourcecode.c.objc; path = PlayerScore.m; sourceTree = "<group>"; };
		7801C4C01731ED1A002EEB33 /* GameVarsTest.h */ = {isa = PBXFileReference; fileEncoding = 4; lastKnownFileType = sourcecode.c.h; path = GameVarsTest.h; sourceTree = "<group>"; };
		7801C4C11731ED1A002EEB33 /* GameVarsTest.m */ = {isa = PBXFileReference; fileEncoding = 4; lastKnownFileType = sourcecode.c.objc; path = GameVarsTest.m; sourceTree = "<group>"; };
		7801C4C317320308002EEB33 /* GeoIPTest.h */ = {isa = PBXFileReference; fileEncoding = 4; lastKnownFileType = sourcecode.c.h; path = GeoIPTest.h; sourceTree = "<group>"; };
		7801C4C417320308002EEB33 /* GeoIPTest.m */ = {isa = PBXFileReference; fileEncoding = 4; lastKnownFileType = sourcecode.c.objc; path = GeoIPTest.m; sourceTree = "<group>"; };
		7801C4C6173208E1002EEB33 /* LeaderboardsTest.h */ = {isa = PBXFileReference; fileEncoding = 4; lastKnownFileType = sourcecode.c.h; path = LeaderboardsTest.h; sourceTree = "<group>"; };
		7801C4C7173208E1002EEB33 /* LeaderboardsTest.m */ = {isa = PBXFileReference; fileEncoding = 4; lastKnownFileType = sourcecode.c.objc; path = LeaderboardsTest.m; sourceTree = "<group>"; };
		7801C4C91732C0EE002EEB33 /* PlayerLevelsTest.h */ = {isa = PBXFileReference; fileEncoding = 4; lastKnownFileType = sourcecode.c.h; path = PlayerLevelsTest.h; sourceTree = "<group>"; };
		7801C4CA1732C0EE002EEB33 /* PlayerLevelsTest.m */ = {isa = PBXFileReference; fileEncoding = 4; lastKnownFileType = sourcecode.c.objc; name = PlayerLevelsTest.m; path = "Playtomic iOS APITests/PlayerLevelsTest.m"; sourceTree = SOURCE_ROOT; };
		78264D571747EC2E009003B1 /* PlayerAchievement.h */ = {isa = PBXFileReference; fileEncoding = 4; lastKnownFileType = sourcecode.c.h; path = PlayerAchievement.h; sourceTree = "<group>"; };
		78264D581747EC2E009003B1 /* PlayerAchievement.m */ = {isa = PBXFileReference; fileEncoding = 4; lastKnownFileType = sourcecode.c.objc; path = PlayerAchievement.m; sourceTree = "<group>"; };
		78264D5A1747EC37009003B1 /* PlayerAward.h */ = {isa = PBXFileReference; fileEncoding = 4; lastKnownFileType = sourcecode.c.h; path = PlayerAward.h; sourceTree = "<group>"; };
		78264D5B1747EC37009003B1 /* PlayerAward.m */ = {isa = PBXFileReference; fileEncoding = 4; lastKnownFileType = sourcecode.c.objc; path = PlayerAward.m; sourceTree = "<group>"; };
		78264D5D1747F037009003B1 /* Achievements.h */ = {isa = PBXFileReference; fileEncoding = 4; lastKnownFileType = sourcecode.c.h; path = Achievements.h; sourceTree = "<group>"; };
		78264D5E1747F037009003B1 /* Achievements.m */ = {isa = PBXFileReference; fileEncoding = 4; lastKnownFileType = sourcecode.c.objc; path = Achievements.m; sourceTree = "<group>"; };
		78264D601747F8B0009003B1 /* AchievementsTest.h */ = {isa = PBXFileReference; fileEncoding = 4; lastKnownFileType = sourcecode.c.h; path = AchievementsTest.h; sourceTree = "<group>"; };
		78264D611747F8B0009003B1 /* AchievementsTest.m */ = {isa = PBXFileReference; fileEncoding = 4; lastKnownFileType = sourcecode.c.objc; path = AchievementsTest.m; sourceTree = "<group>"; };
		789D05AD17306E1900B87CB5 /* Playtomic iOS API.app */ = {isa = PBXFileReference; explicitFileType = wrapper.application; includeInIndex = 0; path = "Playtomic iOS API.app"; sourceTree = BUILT_PRODUCTS_DIR; };
		789D05B017306E1900B87CB5 /* UIKit.framework */ = {isa = PBXFileReference; lastKnownFileType = wrapper.framework; name = UIKit.framework; path = System/Library/Frameworks/UIKit.framework; sourceTree = SDKROOT; };
		789D05B217306E1900B87CB5 /* Foundation.framework */ = {isa = PBXFileReference; lastKnownFileType = wrapper.framework; name = Foundation.framework; path = System/Library/Frameworks/Foundation.framework; sourceTree = SDKROOT; };
		789D05B417306E1900B87CB5 /* CoreGraphics.framework */ = {isa = PBXFileReference; lastKnownFileType = wrapper.framework; name = CoreGraphics.framework; path = System/Library/Frameworks/CoreGraphics.framework; sourceTree = SDKROOT; };
		789D05B817306E1900B87CB5 /* Playtomic iOS API-Info.plist */ = {isa = PBXFileReference; lastKnownFileType = text.plist.xml; path = "Playtomic iOS API-Info.plist"; sourceTree = "<group>"; };
		789D05BA17306E1900B87CB5 /* en */ = {isa = PBXFileReference; lastKnownFileType = text.plist.strings; name = en; path = en.lproj/InfoPlist.strings; sourceTree = "<group>"; };
		789D05BC17306E1900B87CB5 /* main.m */ = {isa = PBXFileReference; lastKnownFileType = sourcecode.c.objc; path = main.m; sourceTree = "<group>"; };
		789D05BE17306E1900B87CB5 /* Playtomic iOS API-Prefix.pch */ = {isa = PBXFileReference; lastKnownFileType = sourcecode.c.h; path = "Playtomic iOS API-Prefix.pch"; sourceTree = "<group>"; };
		789D05BF17306E1900B87CB5 /* PlaytomicAppDelegate.h */ = {isa = PBXFileReference; lastKnownFileType = sourcecode.c.h; path = PlaytomicAppDelegate.h; sourceTree = "<group>"; };
		789D05C017306E1900B87CB5 /* PlaytomicAppDelegate.m */ = {isa = PBXFileReference; lastKnownFileType = sourcecode.c.objc; path = PlaytomicAppDelegate.m; sourceTree = "<group>"; };
		789D05C217306E1900B87CB5 /* Default.png */ = {isa = PBXFileReference; lastKnownFileType = image.png; path = Default.png; sourceTree = "<group>"; };
		789D05C417306E1900B87CB5 /* Default@2x.png */ = {isa = PBXFileReference; lastKnownFileType = image.png; path = "Default@2x.png"; sourceTree = "<group>"; };
		789D05C617306E1900B87CB5 /* Default-568h@2x.png */ = {isa = PBXFileReference; lastKnownFileType = image.png; path = "Default-568h@2x.png"; sourceTree = "<group>"; };
		789D05C917306E1900B87CB5 /* en */ = {isa = PBXFileReference; lastKnownFileType = file.storyboard; name = en; path = en.lproj/MainStoryboard_iPhone.storyboard; sourceTree = "<group>"; };
		789D05CC17306E1900B87CB5 /* en */ = {isa = PBXFileReference; lastKnownFileType = file.storyboard; name = en; path = en.lproj/MainStoryboard_iPad.storyboard; sourceTree = "<group>"; };
		789D05CE17306E1900B87CB5 /* PlaytomicViewController.h */ = {isa = PBXFileReference; lastKnownFileType = sourcecode.c.h; path = PlaytomicViewController.h; sourceTree = "<group>"; };
		789D05CF17306E1900B87CB5 /* PlaytomicViewController.m */ = {isa = PBXFileReference; lastKnownFileType = sourcecode.c.objc; path = PlaytomicViewController.m; sourceTree = "<group>"; };
		789D05D617306E1900B87CB5 /* Playtomic iOS APITests.octest */ = {isa = PBXFileReference; explicitFileType = wrapper.cfbundle; includeInIndex = 0; path = "Playtomic iOS APITests.octest"; sourceTree = BUILT_PRODUCTS_DIR; };
		789D05D717306E1900B87CB5 /* SenTestingKit.framework */ = {isa = PBXFileReference; lastKnownFileType = wrapper.framework; name = SenTestingKit.framework; path = Library/Frameworks/SenTestingKit.framework; sourceTree = DEVELOPER_DIR; };
		789D05DF17306E1900B87CB5 /* Playtomic iOS APITests-Info.plist */ = {isa = PBXFileReference; lastKnownFileType = text.plist.xml; path = "Playtomic iOS APITests-Info.plist"; sourceTree = "<group>"; };
		789D05E117306E1900B87CB5 /* en */ = {isa = PBXFileReference; lastKnownFileType = text.plist.strings; name = en; path = en.lproj/InfoPlist.strings; sourceTree = "<group>"; };
		78A3F77D1730D34800740289 /* SystemConfiguration.framework */ = {isa = PBXFileReference; lastKnownFileType = wrapper.framework; name = SystemConfiguration.framework; path = System/Library/Frameworks/SystemConfiguration.framework; sourceTree = SDKROOT; };
		78A3F77F1730D36800740289 /* MobileCoreServices.framework */ = {isa = PBXFileReference; lastKnownFileType = wrapper.framework; name = MobileCoreServices.framework; path = System/Library/Frameworks/MobileCoreServices.framework; sourceTree = SDKROOT; };
		78A3F7811730D75E00740289 /* GeoIP.h */ = {isa = PBXFileReference; fileEncoding = 4; lastKnownFileType = sourcecode.c.h; path = GeoIP.h; sourceTree = "<group>"; };
		78A3F7821730D75E00740289 /* GeoIP.m */ = {isa = PBXFileReference; fileEncoding = 4; lastKnownFileType = sourcecode.c.objc; path = GeoIP.m; sourceTree = "<group>"; };
		78A3F7861730D7B400740289 /* PlayerCountry.h */ = {isa = PBXFileReference; fileEncoding = 4; lastKnownFileType = sourcecode.c.h; path = PlayerCountry.h; sourceTree = "<group>"; };
		78A3F7871730D7B400740289 /* PlayerCountry.m */ = {isa = PBXFileReference; fileEncoding = 4; lastKnownFileType = sourcecode.c.objc; path = PlayerCountry.m; sourceTree = "<group>"; };
		78A3F7891731616900740289 /* PlayerLevel.h */ = {isa = PBXFileReference; fileEncoding = 4; lastKnownFileType = sourcecode.c.h; path = PlayerLevel.h; sourceTree = "<group>"; };
		78A3F78A1731616900740289 /* PlayerLevel.m */ = {isa = PBXFileReference; fileEncoding = 4; lastKnownFileType = sourcecode.c.objc; path = PlayerLevel.m; sourceTree = "<group>"; };
		78A3F78B1731616900740289 /* PlayerLevels.h */ = {isa = PBXFileReference; fileEncoding = 4; lastKnownFileType = sourcecode.c.h; path = PlayerLevels.h; sourceTree = "<group>"; };
		78A3F78C1731616A00740289 /* PlayerLevels.m */ = {isa = PBXFileReference; fileEncoding = 4; lastKnownFileType = sourcecode.c.objc; path = PlayerLevels.m; sourceTree = "<group>"; };
		78BEC3C017306E5F002AF518 /* AFHTTPClient.h */ = {isa = PBXFileReference; fileEncoding = 4; lastKnownFileType = sourcecode.c.h; path = AFHTTPClient.h; sourceTree = "<group>"; };
		78BEC3C117306E5F002AF518 /* AFHTTPClient.m */ = {isa = PBXFileReference; fileEncoding = 4; lastKnownFileType = sourcecode.c.objc; path = AFHTTPClient.m; sourceTree = "<group>"; };
		78BEC3C217306E5F002AF518 /* AFHTTPRequestOperation.h */ = {isa = PBXFileReference; fileEncoding = 4; lastKnownFileType = sourcecode.c.h; path = AFHTTPRequestOperation.h; sourceTree = "<group>"; };
		78BEC3C317306E5F002AF518 /* AFHTTPRequestOperation.m */ = {isa = PBXFileReference; fileEncoding = 4; lastKnownFileType = sourcecode.c.objc; path = AFHTTPRequestOperation.m; sourceTree = "<group>"; };
		78BEC3C417306E5F002AF518 /* AFImageRequestOperation.h */ = {isa = PBXFileReference; fileEncoding = 4; lastKnownFileType = sourcecode.c.h; path = AFImageRequestOperation.h; sourceTree = "<group>"; };
		78BEC3C517306E5F002AF518 /* AFImageRequestOperation.m */ = {isa = PBXFileReference; fileEncoding = 4; lastKnownFileType = sourcecode.c.objc; path = AFImageRequestOperation.m; sourceTree = "<group>"; };
		78BEC3C617306E5F002AF518 /* AFJSONRequestOperation.h */ = {isa = PBXFileReference; fileEncoding = 4; lastKnownFileType = sourcecode.c.h; path = AFJSONRequestOperation.h; sourceTree = "<group>"; };
		78BEC3C717306E5F002AF518 /* AFJSONRequestOperation.m */ = {isa = PBXFileReference; fileEncoding = 4; lastKnownFileType = sourcecode.c.objc; path = AFJSONRequestOperation.m; sourceTree = "<group>"; };
		78BEC3C817306E5F002AF518 /* AFNetworkActivityIndicatorManager.h */ = {isa = PBXFileReference; fileEncoding = 4; lastKnownFileType = sourcecode.c.h; path = AFNetworkActivityIndicatorManager.h; sourceTree = "<group>"; };
		78BEC3C917306E5F002AF518 /* AFNetworkActivityIndicatorManager.m */ = {isa = PBXFileReference; fileEncoding = 4; lastKnownFileType = sourcecode.c.objc; path = AFNetworkActivityIndicatorManager.m; sourceTree = "<group>"; };
		78BEC3CA17306E5F002AF518 /* AFNetworking.h */ = {isa = PBXFileReference; fileEncoding = 4; lastKnownFileType = sourcecode.c.h; path = AFNetworking.h; sourceTree = "<group>"; };
		78BEC3CB17306E5F002AF518 /* AFPropertyListRequestOperation.h */ = {isa = PBXFileReference; fileEncoding = 4; lastKnownFileType = sourcecode.c.h; path = AFPropertyListRequestOperation.h; sourceTree = "<group>"; };
		78BEC3CC17306E5F002AF518 /* AFPropertyListRequestOperation.m */ = {isa = PBXFileReference; fileEncoding = 4; lastKnownFileType = sourcecode.c.objc; path = AFPropertyListRequestOperation.m; sourceTree = "<group>"; };
		78BEC3CD17306E5F002AF518 /* AFURLConnectionOperation.h */ = {isa = PBXFileReference; fileEncoding = 4; lastKnownFileType = sourcecode.c.h; path = AFURLConnectionOperation.h; sourceTree = "<group>"; };
		78BEC3CE17306E5F002AF518 /* AFURLConnectionOperation.m */ = {isa = PBXFileReference; fileEncoding = 4; lastKnownFileType = sourcecode.c.objc; path = AFURLConnectionOperation.m; sourceTree = "<group>"; };
		78BEC3CF17306E5F002AF518 /* AFXMLRequestOperation.h */ = {isa = PBXFileReference; fileEncoding = 4; lastKnownFileType = sourcecode.c.h; path = AFXMLRequestOperation.h; sourceTree = "<group>"; };
		78BEC3D017306E5F002AF518 /* AFXMLRequestOperation.m */ = {isa = PBXFileReference; fileEncoding = 4; lastKnownFileType = sourcecode.c.objc; path = AFXMLRequestOperation.m; sourceTree = "<group>"; };
		78BEC3D117306E5F002AF518 /* UIImageView+AFNetworking.h */ = {isa = PBXFileReference; fileEncoding = 4; lastKnownFileType = sourcecode.c.h; path = "UIImageView+AFNetworking.h"; sourceTree = "<group>"; };
		78BEC3D217306E5F002AF518 /* UIImageView+AFNetworking.m */ = {isa = PBXFileReference; fileEncoding = 4; lastKnownFileType = sourcecode.c.objc; path = "UIImageView+AFNetworking.m"; sourceTree = "<group>"; };
		78BEC3DD17306EA2002AF518 /* GameVars.h */ = {isa = PBXFileReference; fileEncoding = 4; lastKnownFileType = sourcecode.c.h; path = GameVars.h; sourceTree = "<group>"; };
		78BEC3DE17306EA2002AF518 /* GameVars.m */ = {isa = PBXFileReference; fileEncoding = 4; lastKnownFileType = sourcecode.c.objc; path = GameVars.m; sourceTree = "<group>"; };
		78BEC3DF17306EA2002AF518 /* PEncode.h */ = {isa = PBXFileReference; fileEncoding = 4; lastKnownFileType = sourcecode.c.h; path = PEncode.h; sourceTree = "<group>"; };
		78BEC3E017306EA2002AF518 /* PEncode.m */ = {isa = PBXFileReference; fileEncoding = 4; lastKnownFileType = sourcecode.c.objc; path = PEncode.m; sourceTree = "<group>"; };
		78BEC3E117306EA2002AF518 /* Playtomic.h */ = {isa = PBXFileReference; fileEncoding = 4; lastKnownFileType = sourcecode.c.h; path = Playtomic.h; sourceTree = "<group>"; };
		78BEC3E217306EA2002AF518 /* Playtomic.m */ = {isa = PBXFileReference; fileEncoding = 4; lastKnownFileType = sourcecode.c.objc; path = Playtomic.m; sourceTree = "<group>"; };
		78BEC3E317306EA2002AF518 /* PRequest.h */ = {isa = PBXFileReference; fileEncoding = 4; lastKnownFileType = sourcecode.c.h; path = PRequest.h; sourceTree = "<group>"; };
		78BEC3E417306EA2002AF518 /* PRequest.m */ = {isa = PBXFileReference; fileEncoding = 4; lastKnownFileType = sourcecode.c.objc; path = PRequest.m; sourceTree = "<group>"; };
		78BEC3E517306EA2002AF518 /* PResponse.h */ = {isa = PBXFileReference; fileEncoding = 4; lastKnownFileType = sourcecode.c.h; path = PResponse.h; sourceTree = "<group>"; };
		78BEC3E617306EA2002AF518 /* PResponse.m */ = {isa = PBXFileReference; fileEncoding = 4; lastKnownFileType = sourcecode.c.objc; path = PResponse.m; sourceTree = "<group>"; };
		78FECE72174C0D6200D6162F /* Newsletter.h */ = {isa = PBXFileReference; fileEncoding = 4; lastKnownFileType = sourcecode.c.h; path = Newsletter.h; sourceTree = "<group>"; };
		78FECE73174C0D6200D6162F /* Newsletter.m */ = {isa = PBXFileReference; fileEncoding = 4; lastKnownFileType = sourcecode.c.objc; path = Newsletter.m; sourceTree = "<group>"; };
		78FECE75174C0E7600D6162F /* NewsletterTest.h */ = {isa = PBXFileReference; fileEncoding = 4; lastKnownFileType = sourcecode.c.h; path = NewsletterTest.h; sourceTree = "<group>"; };
		78FECE76174C0E7600D6162F /* NewsletterTest.m */ = {isa = PBXFileReference; fileEncoding = 4; lastKnownFileType = sourcecode.c.objc; path = NewsletterTest.m; sourceTree = "<group>"; };
/* End PBXFileReference section */

/* Begin PBXFrameworksBuildPhase section */
		789D05AA17306E1900B87CB5 /* Frameworks */ = {
			isa = PBXFrameworksBuildPhase;
			buildActionMask = 2147483647;
			files = (
				78A3F7801730D36800740289 /* MobileCoreServices.framework in Frameworks */,
				78A3F77E1730D34900740289 /* SystemConfiguration.framework in Frameworks */,
				789D05B117306E1900B87CB5 /* UIKit.framework in Frameworks */,
				789D05B317306E1900B87CB5 /* Foundation.framework in Frameworks */,
				789D05B517306E1900B87CB5 /* CoreGraphics.framework in Frameworks */,
			);
			runOnlyForDeploymentPostprocessing = 0;
		};
		789D05D217306E1900B87CB5 /* Frameworks */ = {
			isa = PBXFrameworksBuildPhase;
			buildActionMask = 2147483647;
			files = (
				789D05D817306E1900B87CB5 /* SenTestingKit.framework in Frameworks */,
				789D05D917306E1900B87CB5 /* UIKit.framework in Frameworks */,
				789D05DA17306E1900B87CB5 /* Foundation.framework in Frameworks */,
			);
			runOnlyForDeploymentPostprocessing = 0;
		};
/* End PBXFrameworksBuildPhase section */

/* Begin PBXGroup section */
		789D05A417306E1900B87CB5 = {
			isa = PBXGroup;
			children = (
				78A3F77F1730D36800740289 /* MobileCoreServices.framework */,
				78A3F77D1730D34800740289 /* SystemConfiguration.framework */,
				78BEC3DC17306EA2002AF518 /* Playtomic */,
				78BEC3BF17306E5F002AF518 /* AFNetworking */,
				789D05B617306E1900B87CB5 /* Playtomic iOS API */,
				789D05DD17306E1900B87CB5 /* Playtomic iOS APITests */,
				789D05AF17306E1900B87CB5 /* Frameworks */,
				789D05AE17306E1900B87CB5 /* Products */,
			);
			sourceTree = "<group>";
		};
		789D05AE17306E1900B87CB5 /* Products */ = {
			isa = PBXGroup;
			children = (
				789D05AD17306E1900B87CB5 /* Playtomic iOS API.app */,
				789D05D617306E1900B87CB5 /* Playtomic iOS APITests.octest */,
			);
			name = Products;
			sourceTree = "<group>";
		};
		789D05AF17306E1900B87CB5 /* Frameworks */ = {
			isa = PBXGroup;
			children = (
				789D05B017306E1900B87CB5 /* UIKit.framework */,
				789D05B217306E1900B87CB5 /* Foundation.framework */,
				789D05B417306E1900B87CB5 /* CoreGraphics.framework */,
				789D05D717306E1900B87CB5 /* SenTestingKit.framework */,
			);
			name = Frameworks;
			sourceTree = "<group>";
		};
		789D05B617306E1900B87CB5 /* Playtomic iOS API */ = {
			isa = PBXGroup;
			children = (
				789D05BF17306E1900B87CB5 /* PlaytomicAppDelegate.h */,
				789D05C017306E1900B87CB5 /* PlaytomicAppDelegate.m */,
				789D05C817306E1900B87CB5 /* MainStoryboard_iPhone.storyboard */,
				789D05CB17306E1900B87CB5 /* MainStoryboard_iPad.storyboard */,
				789D05CE17306E1900B87CB5 /* PlaytomicViewController.h */,
				789D05CF17306E1900B87CB5 /* PlaytomicViewController.m */,
				789D05B717306E1900B87CB5 /* Supporting Files */,
			);
			path = "Playtomic iOS API";
			sourceTree = "<group>";
		};
		789D05B717306E1900B87CB5 /* Supporting Files */ = {
			isa = PBXGroup;
			children = (
				789D05B817306E1900B87CB5 /* Playtomic iOS API-Info.plist */,
				789D05B917306E1900B87CB5 /* InfoPlist.strings */,
				789D05BC17306E1900B87CB5 /* main.m */,
				789D05BE17306E1900B87CB5 /* Playtomic iOS API-Prefix.pch */,
				789D05C217306E1900B87CB5 /* Default.png */,
				789D05C417306E1900B87CB5 /* Default@2x.png */,
				789D05C617306E1900B87CB5 /* Default-568h@2x.png */,
			);
			name = "Supporting Files";
			sourceTree = "<group>";
		};
		789D05DD17306E1900B87CB5 /* Playtomic iOS APITests */ = {
			isa = PBXGroup;
			children = (
				789D05DE17306E1900B87CB5 /* Supporting Files */,
				7801C4C01731ED1A002EEB33 /* GameVarsTest.h */,
				7801C4C11731ED1A002EEB33 /* GameVarsTest.m */,
				7801C4C317320308002EEB33 /* GeoIPTest.h */,
				7801C4C417320308002EEB33 /* GeoIPTest.m */,
				7801C4C6173208E1002EEB33 /* LeaderboardsTest.h */,
				7801C4CA1732C0EE002EEB33 /* PlayerLevelsTest.m */,
				7801C4C7173208E1002EEB33 /* LeaderboardsTest.m */,
				7801C4C91732C0EE002EEB33 /* PlayerLevelsTest.h */,
				78264D601747F8B0009003B1 /* AchievementsTest.h */,
				78264D611747F8B0009003B1 /* AchievementsTest.m */,
				78FECE75174C0E7600D6162F /* NewsletterTest.h */,
				78FECE76174C0E7600D6162F /* NewsletterTest.m */,
			);
			path = "Playtomic iOS APITests";
			sourceTree = "<group>";
		};
		789D05DE17306E1900B87CB5 /* Supporting Files */ = {
			isa = PBXGroup;
			children = (
				789D05DF17306E1900B87CB5 /* Playtomic iOS APITests-Info.plist */,
				789D05E017306E1900B87CB5 /* InfoPlist.strings */,
			);
			name = "Supporting Files";
			sourceTree = "<group>";
		};
		78BEC3BF17306E5F002AF518 /* AFNetworking */ = {
			isa = PBXGroup;
			children = (
				78BEC3C017306E5F002AF518 /* AFHTTPClient.h */,
				78BEC3C117306E5F002AF518 /* AFHTTPClient.m */,
				78BEC3C217306E5F002AF518 /* AFHTTPRequestOperation.h */,
				78BEC3C317306E5F002AF518 /* AFHTTPRequestOperation.m */,
				78BEC3C417306E5F002AF518 /* AFImageRequestOperation.h */,
				78BEC3C517306E5F002AF518 /* AFImageRequestOperation.m */,
				78BEC3C617306E5F002AF518 /* AFJSONRequestOperation.h */,
				78BEC3C717306E5F002AF518 /* AFJSONRequestOperation.m */,
				78BEC3C817306E5F002AF518 /* AFNetworkActivityIndicatorManager.h */,
				78BEC3C917306E5F002AF518 /* AFNetworkActivityIndicatorManager.m */,
				78BEC3CA17306E5F002AF518 /* AFNetworking.h */,
				78BEC3CB17306E5F002AF518 /* AFPropertyListRequestOperation.h */,
				78BEC3CC17306E5F002AF518 /* AFPropertyListRequestOperation.m */,
				78BEC3CD17306E5F002AF518 /* AFURLConnectionOperation.h */,
				78BEC3CE17306E5F002AF518 /* AFURLConnectionOperation.m */,
				78BEC3CF17306E5F002AF518 /* AFXMLRequestOperation.h */,
				78BEC3D017306E5F002AF518 /* AFXMLRequestOperation.m */,
				78BEC3D117306E5F002AF518 /* UIImageView+AFNetworking.h */,
				78BEC3D217306E5F002AF518 /* UIImageView+AFNetworking.m */,
			);
			path = AFNetworking;
			sourceTree = "<group>";
		};
		78BEC3DC17306EA2002AF518 /* Playtomic */ = {
			isa = PBXGroup;
			children = (
				7801C4B417318D12002EEB33 /* Leaderboards.m */,
				7801C4B317318D12002EEB33 /* Leaderboards.h */,
				7801C4B517318D12002EEB33 /* PlayerScore.h */,
				7801C4B617318D12002EEB33 /* PlayerScore.m */,
				78A3F7891731616900740289 /* PlayerLevel.h */,
				78A3F78A1731616900740289 /* PlayerLevel.m */,
				78A3F78B1731616900740289 /* PlayerLevels.h */,
				78A3F78C1731616A00740289 /* PlayerLevels.m */,
				78A3F7811730D75E00740289 /* GeoIP.h */,
				78A3F7821730D75E00740289 /* GeoIP.m */,
				78BEC3DD17306EA2002AF518 /* GameVars.h */,
				78BEC3DE17306EA2002AF518 /* GameVars.m */,
				78BEC3DF17306EA2002AF518 /* PEncode.h */,
				78BEC3E017306EA2002AF518 /* PEncode.m */,
				78BEC3E117306EA2002AF518 /* Playtomic.h */,
				78BEC3E217306EA2002AF518 /* Playtomic.m */,
				78BEC3E317306EA2002AF518 /* PRequest.h */,
				78BEC3E417306EA2002AF518 /* PRequest.m */,
				78BEC3E517306EA2002AF518 /* PResponse.h */,
				78BEC3E617306EA2002AF518 /* PResponse.m */,
				78A3F7861730D7B400740289 /* PlayerCountry.h */,
				78A3F7871730D7B400740289 /* PlayerCountry.m */,
				78264D571747EC2E009003B1 /* PlayerAchievement.h */,
				78264D581747EC2E009003B1 /* PlayerAchievement.m */,
				78264D5A1747EC37009003B1 /* PlayerAward.h */,
				78264D5B1747EC37009003B1 /* PlayerAward.m */,
				78264D5D1747F037009003B1 /* Achievements.h */,
				78264D5E1747F037009003B1 /* Achievements.m */,
				78FECE72174C0D6200D6162F /* Newsletter.h */,
				78FECE73174C0D6200D6162F /* Newsletter.m */,
			);
			path = Playtomic;
			sourceTree = "<group>";
		};
/* End PBXGroup section */

/* Begin PBXNativeTarget section */
		789D05AC17306E1900B87CB5 /* Playtomic iOS API */ = {
			isa = PBXNativeTarget;
			buildConfigurationList = 789D05E817306E1900B87CB5 /* Build configuration list for PBXNativeTarget "Playtomic iOS API" */;
			buildPhases = (
				789D05A917306E1900B87CB5 /* Sources */,
				789D05AA17306E1900B87CB5 /* Frameworks */,
				789D05AB17306E1900B87CB5 /* Resources */,
			);
			buildRules = (
			);
			dependencies = (
			);
			name = "Playtomic iOS API";
			productName = "Playtomic iOS API";
			productReference = 789D05AD17306E1900B87CB5 /* Playtomic iOS API.app */;
			productType = "com.apple.product-type.application";
		};
		789D05D517306E1900B87CB5 /* Playtomic iOS APITests */ = {
			isa = PBXNativeTarget;
			buildConfigurationList = 789D05EB17306E1900B87CB5 /* Build configuration list for PBXNativeTarget "Playtomic iOS APITests" */;
			buildPhases = (
				789D05D117306E1900B87CB5 /* Sources */,
				789D05D217306E1900B87CB5 /* Frameworks */,
				789D05D317306E1900B87CB5 /* Resources */,
				789D05D417306E1900B87CB5 /* ShellScript */,
			);
			buildRules = (
			);
			dependencies = (
				789D05DC17306E1900B87CB5 /* PBXTargetDependency */,
			);
			name = "Playtomic iOS APITests";
			productName = "Playtomic iOS APITests";
			productReference = 789D05D617306E1900B87CB5 /* Playtomic iOS APITests.octest */;
			productType = "com.apple.product-type.bundle";
		};
/* End PBXNativeTarget section */

/* Begin PBXProject section */
		789D05A517306E1900B87CB5 /* Project object */ = {
			isa = PBXProject;
			attributes = {
				CLASSPREFIX = Playtomic;
				LastUpgradeCheck = 0460;
				ORGANIZATIONNAME = "Ben Lowry";
			};
			buildConfigurationList = 789D05A817306E1900B87CB5 /* Build configuration list for PBXProject "Playtomic iOS API" */;
			compatibilityVersion = "Xcode 3.2";
			developmentRegion = English;
			hasScannedForEncodings = 0;
			knownRegions = (
				en,
			);
			mainGroup = 789D05A417306E1900B87CB5;
			productRefGroup = 789D05AE17306E1900B87CB5 /* Products */;
			projectDirPath = "";
			projectRoot = "";
			targets = (
				789D05AC17306E1900B87CB5 /* Playtomic iOS API */,
				789D05D517306E1900B87CB5 /* Playtomic iOS APITests */,
			);
		};
/* End PBXProject section */

/* Begin PBXResourcesBuildPhase section */
		789D05AB17306E1900B87CB5 /* Resources */ = {
			isa = PBXResourcesBuildPhase;
			buildActionMask = 2147483647;
			files = (
				789D05BB17306E1900B87CB5 /* InfoPlist.strings in Resources */,
				789D05C317306E1900B87CB5 /* Default.png in Resources */,
				789D05C517306E1900B87CB5 /* Default@2x.png in Resources */,
				789D05C717306E1900B87CB5 /* Default-568h@2x.png in Resources */,
				789D05CA17306E1900B87CB5 /* MainStoryboard_iPhone.storyboard in Resources */,
				789D05CD17306E1900B87CB5 /* MainStoryboard_iPad.storyboard in Resources */,
			);
			runOnlyForDeploymentPostprocessing = 0;
		};
		789D05D317306E1900B87CB5 /* Resources */ = {
			isa = PBXResourcesBuildPhase;
			buildActionMask = 2147483647;
			files = (
				789D05E217306E1900B87CB5 /* InfoPlist.strings in Resources */,
			);
			runOnlyForDeploymentPostprocessing = 0;
		};
/* End PBXResourcesBuildPhase section */

/* Begin PBXShellScriptBuildPhase section */
		789D05D417306E1900B87CB5 /* ShellScript */ = {
			isa = PBXShellScriptBuildPhase;
			buildActionMask = 2147483647;
			files = (
			);
			inputPaths = (
			);
			outputPaths = (
			);
			runOnlyForDeploymentPostprocessing = 0;
			shellPath = /bin/sh;
			shellScript = "# Run the unit tests in this test bundle.\n\"${SYSTEM_DEVELOPER_DIR}/Tools/RunUnitTests\"\n";
		};
/* End PBXShellScriptBuildPhase section */

/* Begin PBXSourcesBuildPhase section */
		789D05A917306E1900B87CB5 /* Sources */ = {
			isa = PBXSourcesBuildPhase;
			buildActionMask = 2147483647;
			files = (
				789D05BD17306E1900B87CB5 /* main.m in Sources */,
				789D05C117306E1900B87CB5 /* PlaytomicAppDelegate.m in Sources */,
				789D05D017306E1900B87CB5 /* PlaytomicViewController.m in Sources */,
				78BEC3D317306E5F002AF518 /* AFHTTPClient.m in Sources */,
				78BEC3D417306E5F002AF518 /* AFHTTPRequestOperation.m in Sources */,
				78BEC3D517306E5F002AF518 /* AFImageRequestOperation.m in Sources */,
				78BEC3D617306E5F002AF518 /* AFJSONRequestOperation.m in Sources */,
				78BEC3D717306E5F002AF518 /* AFNetworkActivityIndicatorManager.m in Sources */,
				78BEC3D817306E5F002AF518 /* AFPropertyListRequestOperation.m in Sources */,
				78BEC3D917306E5F002AF518 /* AFURLConnectionOperation.m in Sources */,
				78BEC3DA17306E5F002AF518 /* AFXMLRequestOperation.m in Sources */,
				78BEC3DB17306E5F002AF518 /* UIImageView+AFNetworking.m in Sources */,
				78BEC3E717306EA2002AF518 /* GameVars.m in Sources */,
				78BEC3E817306EA2002AF518 /* PEncode.m in Sources */,
				78BEC3E917306EA2002AF518 /* Playtomic.m in Sources */,
				78BEC3EA17306EA2002AF518 /* PRequest.m in Sources */,
				78BEC3EB17306EA2002AF518 /* PResponse.m in Sources */,
				78A3F7831730D75E00740289 /* GeoIP.m in Sources */,
				78A3F7881730D7B400740289 /* PlayerCountry.m in Sources */,
				78A3F78D1731616A00740289 /* PlayerLevel.m in Sources */,
				78A3F78E1731616A00740289 /* PlayerLevels.m in Sources */,
				7801C4B717318D12002EEB33 /* Leaderboards.m in Sources */,
				7801C4B817318D12002EEB33 /* PlayerScore.m in Sources */,
				78264D591747EC2E009003B1 /* PlayerAchievement.m in Sources */,
				78264D5C1747EC37009003B1 /* PlayerAward.m in Sources */,
				78264D5F1747F037009003B1 /* Achievements.m in Sources */,
				78FECE74174C0D6200D6162F /* Newsletter.m in Sources */,
			);
			runOnlyForDeploymentPostprocessing = 0;
		};
		789D05D117306E1900B87CB5 /* Sources */ = {
			isa = PBXSourcesBuildPhase;
			buildActionMask = 2147483647;
			files = (
				7801C4C21731ED1A002EEB33 /* GameVarsTest.m in Sources */,
				7801C4C517320308002EEB33 /* GeoIPTest.m in Sources */,
				7801C4C8173208E1002EEB33 /* LeaderboardsTest.m in Sources */,
				7801C4CB1732C0EE002EEB33 /* PlayerLevelsTest.m in Sources */,
				78264D621747F8B0009003B1 /* AchievementsTest.m in Sources */,
				78FECE77174C0E7600D6162F /* NewsletterTest.m in Sources */,
			);
			runOnlyForDeploymentPostprocessing = 0;
		};
/* End PBXSourcesBuildPhase section */

/* Begin PBXTargetDependency section */
		789D05DC17306E1900B87CB5 /* PBXTargetDependency */ = {
			isa = PBXTargetDependency;
			target = 789D05AC17306E1900B87CB5 /* Playtomic iOS API */;
			targetProxy = 789D05DB17306E1900B87CB5 /* PBXContainerItemProxy */;
		};
/* End PBXTargetDependency section */

/* Begin PBXVariantGroup section */
		789D05B917306E1900B87CB5 /* InfoPlist.strings */ = {
			isa = PBXVariantGroup;
			children = (
				789D05BA17306E1900B87CB5 /* en */,
			);
			name = InfoPlist.strings;
			sourceTree = "<group>";
		};
		789D05C817306E1900B87CB5 /* MainStoryboard_iPhone.storyboard */ = {
			isa = PBXVariantGroup;
			children = (
				789D05C917306E1900B87CB5 /* en */,
			);
			name = MainStoryboard_iPhone.storyboard;
			sourceTree = "<group>";
		};
		789D05CB17306E1900B87CB5 /* MainStoryboard_iPad.storyboard */ = {
			isa = PBXVariantGroup;
			children = (
				789D05CC17306E1900B87CB5 /* en */,
			);
			name = MainStoryboard_iPad.storyboard;
			sourceTree = "<group>";
		};
		789D05E017306E1900B87CB5 /* InfoPlist.strings */ = {
			isa = PBXVariantGroup;
			children = (
				789D05E117306E1900B87CB5 /* en */,
			);
			name = InfoPlist.strings;
			sourceTree = "<group>";
		};
/* End PBXVariantGroup section */

/* Begin XCBuildConfiguration section */
		789D05E617306E1900B87CB5 /* Debug */ = {
			isa = XCBuildConfiguration;
			buildSettings = {
				ALWAYS_SEARCH_USER_PATHS = NO;
				CLANG_CXX_LANGUAGE_STANDARD = "gnu++0x";
				CLANG_CXX_LIBRARY = "libc++";
				CLANG_ENABLE_OBJC_ARC = YES;
				CLANG_WARN_CONSTANT_CONVERSION = YES;
				CLANG_WARN_EMPTY_BODY = YES;
				CLANG_WARN_ENUM_CONVERSION = YES;
				CLANG_WARN_INT_CONVERSION = YES;
				CLANG_WARN__DUPLICATE_METHOD_MATCH = YES;
				"CODE_SIGN_IDENTITY[sdk=iphoneos*]" = "iPhone Developer";
				COPY_PHASE_STRIP = NO;
				GCC_C_LANGUAGE_STANDARD = gnu99;
				GCC_DYNAMIC_NO_PIC = NO;
				GCC_OPTIMIZATION_LEVEL = 0;
				GCC_PREPROCESSOR_DEFINITIONS = (
					"DEBUG=1",
					"$(inherited)",
				);
				GCC_SYMBOLS_PRIVATE_EXTERN = NO;
				GCC_WARN_ABOUT_RETURN_TYPE = YES;
				GCC_WARN_UNINITIALIZED_AUTOS = YES;
				GCC_WARN_UNUSED_VARIABLE = YES;
				IPHONEOS_DEPLOYMENT_TARGET = 6.1;
				ONLY_ACTIVE_ARCH = YES;
				SDKROOT = iphoneos;
				TARGETED_DEVICE_FAMILY = "1,2";
			};
			name = Debug;
		};
		789D05E717306E1900B87CB5 /* Release */ = {
			isa = XCBuildConfiguration;
			buildSettings = {
				ALWAYS_SEARCH_USER_PATHS = NO;
				CLANG_CXX_LANGUAGE_STANDARD = "gnu++0x";
				CLANG_CXX_LIBRARY = "libc++";
				CLANG_ENABLE_OBJC_ARC = YES;
				CLANG_WARN_CONSTANT_CONVERSION = YES;
				CLANG_WARN_EMPTY_BODY = YES;
				CLANG_WARN_ENUM_CONVERSION = YES;
				CLANG_WARN_INT_CONVERSION = YES;
				CLANG_WARN__DUPLICATE_METHOD_MATCH = YES;
				"CODE_SIGN_IDENTITY[sdk=iphoneos*]" = "iPhone Developer";
				COPY_PHASE_STRIP = YES;
				GCC_C_LANGUAGE_STANDARD = gnu99;
				GCC_WARN_ABOUT_RETURN_TYPE = YES;
				GCC_WARN_UNINITIALIZED_AUTOS = YES;
				GCC_WARN_UNUSED_VARIABLE = YES;
				IPHONEOS_DEPLOYMENT_TARGET = 6.1;
				OTHER_CFLAGS = "-DNS_BLOCK_ASSERTIONS=1";
				SDKROOT = iphoneos;
				TARGETED_DEVICE_FAMILY = "1,2";
				VALIDATE_PRODUCT = YES;
			};
			name = Release;
		};
		789D05E917306E1900B87CB5 /* Debug */ = {
			isa = XCBuildConfiguration;
			buildSettings = {
				GCC_PRECOMPILE_PREFIX_HEADER = YES;
				GCC_PREFIX_HEADER = "Playtomic iOS API/Playtomic iOS API-Prefix.pch";
				INFOPLIST_FILE = "Playtomic iOS API/Playtomic iOS API-Info.plist";
				PRODUCT_NAME = "$(TARGET_NAME)";
				WRAPPER_EXTENSION = app;
			};
			name = Debug;
		};
		789D05EA17306E1900B87CB5 /* Release */ = {
			isa = XCBuildConfiguration;
			buildSettings = {
				GCC_PRECOMPILE_PREFIX_HEADER = YES;
				GCC_PREFIX_HEADER = "Playtomic iOS API/Playtomic iOS API-Prefix.pch";
				INFOPLIST_FILE = "Playtomic iOS API/Playtomic iOS API-Info.plist";
				PRODUCT_NAME = "$(TARGET_NAME)";
				WRAPPER_EXTENSION = app;
			};
			name = Release;
		};
		789D05EC17306E1900B87CB5 /* Debug */ = {
			isa = XCBuildConfiguration;
			buildSettings = {
				BUNDLE_LOADER = "$(BUILT_PRODUCTS_DIR)/Playtomic iOS API.app/Playtomic iOS API";
				FRAMEWORK_SEARCH_PATHS = (
					"\"$(SDKROOT)/Developer/Library/Frameworks\"",
					"\"$(DEVELOPER_LIBRARY_DIR)/Frameworks\"",
				);
				GCC_PRECOMPILE_PREFIX_HEADER = YES;
				GCC_PREFIX_HEADER = "Playtomic iOS API/Playtomic iOS API-Prefix.pch";
				INFOPLIST_FILE = "Playtomic iOS APITests/Playtomic iOS APITests-Info.plist";
				PRODUCT_NAME = "$(TARGET_NAME)";
				TEST_HOST = "$(BUNDLE_LOADER)";
				WRAPPER_EXTENSION = octest;
			};
			name = Debug;
		};
		789D05ED17306E1900B87CB5 /* Release */ = {
			isa = XCBuildConfiguration;
			buildSettings = {
				BUNDLE_LOADER = "$(BUILT_PRODUCTS_DIR)/Playtomic iOS API.app/Playtomic iOS API";
				FRAMEWORK_SEARCH_PATHS = (
					"\"$(SDKROOT)/Developer/Library/Frameworks\"",
					"\"$(DEVELOPER_LIBRARY_DIR)/Frameworks\"",
				);
				GCC_PRECOMPILE_PREFIX_HEADER = YES;
				GCC_PREFIX_HEADER = "Playtomic iOS API/Playtomic iOS API-Prefix.pch";
				INFOPLIST_FILE = "Playtomic iOS APITests/Playtomic iOS APITests-Info.plist";
				PRODUCT_NAME = "$(TARGET_NAME)";
				TEST_HOST = "$(BUNDLE_LOADER)";
				WRAPPER_EXTENSION = octest;
			};
			name = Release;
		};
/* End XCBuildConfiguration section */

/* Begin XCConfigurationList section */
		789D05A817306E1900B87CB5 /* Build configuration list for PBXProject "Playtomic iOS API" */ = {
			isa = XCConfigurationList;
			buildConfigurations = (
				789D05E617306E1900B87CB5 /* Debug */,
				789D05E717306E1900B87CB5 /* Release */,
			);
			defaultConfigurationIsVisible = 0;
			defaultConfigurationName = Release;
		};
		789D05E817306E1900B87CB5 /* Build configuration list for PBXNativeTarget "Playtomic iOS API" */ = {
			isa = XCConfigurationList;
			buildConfigurations = (
				789D05E917306E1900B87CB5 /* Debug */,
				789D05EA17306E1900B87CB5 /* Release */,
			);
			defaultConfigurationIsVisible = 0;
			defaultConfigurationName = Release;
		};
		789D05EB17306E1900B87CB5 /* Build configuration list for PBXNativeTarget "Playtomic iOS APITests" */ = {
			isa = XCConfigurationList;
			buildConfigurations = (
				789D05EC17306E1900B87CB5 /* Debug */,
				789D05ED17306E1900B87CB5 /* Release */,
			);
			defaultConfigurationIsVisible = 0;
			defaultConfigurationName = Release;
		};
/* End XCConfigurationList section */
	};
	rootObject = 789D05A517306E1900B87CB5 /* Project object */;
}
